{
  "name": "root",
  "requires": true,
  "lockfileVersion": 1,
  "dependencies": {
    "module1-lerna-test-dum": {
      "version": "0.0.4",
      "resolved": "https://registry.npmjs.org/module1-lerna-test-dum/-/module1-lerna-test-dum-0.0.4.tgz",
      "integrity": "sha512-JXG7QWVB9P4Pvsi7Gp5uENWI4yd+tvzZCeCOGlMapvyhFvil8Tq/zBZn5nHrmGQpKezgvaIBwSufs+mDKgEEWQ=="
    }
  }
}
